
Microsoft Visual Studio Solution File, Format Version 12.00
# Visual Studio Version 16
VisualStudioVersion = 16.0.30804.86
MinimumVisualStudioVersion = 10.0.40219.1
Project("{9A19103F-16F7-4668-BE54-9A1E7A4F7556}") = "WebApiPhase3", "WebApiPhase3\WebApiPhase3.csproj", "{462A0B4E-3391-4EDC-907E-953C6BADAC67}"
EndProject
Project("{2150E333-8FDC-42A3-9474-1A3956D46DE8}") = "0.WebApi", "0.WebApi", "{E1132618-3C95-4914-805A-0E060663B363}"
EndProject
Project("{2150E333-8FDC-42A3-9474-1A3956D46DE8}") = "1.Service", "1.Service", "{C5DA1FED-E7EE-4BFD-80C3-37677B4DC6DC}"
EndProject
Project("{9A19103F-16F7-4668-BE54-9A1E7A4F7556}") = "WebApiPhase3Service", "WebApiPhase3Service\WebApiPhase3Service.csproj", "{0F3052B9-1175-4BBA-A403-D5269B0DF3D7}"
EndProject
Project("{2150E333-8FDC-42A3-9474-1A3956D46DE8}") = "2.Repository", "2.Repository", "{89DEDDFD-279C-4AE4-A245-0553FD7FB13D}"
EndProject
Project("{9A19103F-16F7-4668-BE54-9A1E7A4F7556}") = "WebApiPhase3Repository", "WebApiPhase3Repository\WebApiPhase3Repository.csproj", "{2E3ADEA3-9655-48F5-BF39-C0ADAA41F6EB}"
EndProject
Project("{2150E333-8FDC-42A3-9474-1A3956D46DE8}") = "3.Common", "3.Common", "{4A17B52C-BB19-4B97-B185-D89ADABA7607}"
EndProject
Project("{9A19103F-16F7-4668-BE54-9A1E7A4F7556}") = "WebApiPhase3Common", "WebApiPhase3Common\WebApiPhase3Common.csproj", "{FF8AEA3F-7067-4494-9780-EA5535CD42E5}"
EndProject
Project("{FAE04EC0-301F-11D3-BF4B-00C04F79EFBC}") = "WebApiPhase3ServiceTests", "WebApiPhase3ServiceTests\WebApiPhase3ServiceTests.csproj", "{C4E88C53-EA21-4B3D-BF71-ECCDB5D738BB}"
EndProject
Global
	GlobalSection(SolutionConfigurationPlatforms) = preSolution
		Debug|Any CPU = Debug|Any CPU
		Release|Any CPU = Release|Any CPU
	EndGlobalSection
	GlobalSection(ProjectConfigurationPlatforms) = postSolution
		{462A0B4E-3391-4EDC-907E-953C6BADAC67}.Debug|Any CPU.ActiveCfg = Debug|Any CPU
		{462A0B4E-3391-4EDC-907E-953C6BADAC67}.Debug|Any CPU.Build.0 = Debug|Any CPU
		{462A0B4E-3391-4EDC-907E-953C6BADAC67}.Release|Any CPU.ActiveCfg = Release|Any CPU
		{462A0B4E-3391-4EDC-907E-953C6BADAC67}.Release|Any CPU.Build.0 = Release|Any CPU
		{0F3052B9-1175-4BBA-A403-D5269B0DF3D7}.Debug|Any CPU.ActiveCfg = Debug|Any CPU
		{0F3052B9-1175-4BBA-A403-D5269B0DF3D7}.Debug|Any CPU.Build.0 = Debug|Any CPU
		{0F3052B9-1175-4BBA-A403-D5269B0DF3D7}.Release|Any CPU.ActiveCfg = Release|Any CPU
		{0F3052B9-1175-4BBA-A403-D5269B0DF3D7}.Release|Any CPU.Build.0 = Release|Any CPU
		{2E3ADEA3-9655-48F5-BF39-C0ADAA41F6EB}.Debug|Any CPU.ActiveCfg = Debug|Any CPU
		{2E3ADEA3-9655-48F5-BF39-C0ADAA41F6EB}.Debug|Any CPU.Build.0 = Debug|Any CPU
		{2E3ADEA3-9655-48F5-BF39-C0ADAA41F6EB}.Release|Any CPU.ActiveCfg = Release|Any CPU
		{2E3ADEA3-9655-48F5-BF39-C0ADAA41F6EB}.Release|Any CPU.Build.0 = Release|Any CPU
		{FF8AEA3F-7067-4494-9780-EA5535CD42E5}.Debug|Any CPU.ActiveCfg = Debug|Any CPU
		{FF8AEA3F-7067-4494-9780-EA5535CD42E5}.Debug|Any CPU.Build.0 = Debug|Any CPU
		{FF8AEA3F-7067-4494-9780-EA5535CD42E5}.Release|Any CPU.ActiveCfg = Release|Any CPU
		{FF8AEA3F-7067-4494-9780-EA5535CD42E5}.Release|Any CPU.Build.0 = Release|Any CPU
		{C4E88C53-EA21-4B3D-BF71-ECCDB5D738BB}.Debug|Any CPU.ActiveCfg = Debug|Any CPU
		{C4E88C53-EA21-4B3D-BF71-ECCDB5D738BB}.Debug|Any CPU.Build.0 = Debug|Any CPU
		{C4E88C53-EA21-4B3D-BF71-ECCDB5D738BB}.Release|Any CPU.ActiveCfg = Release|Any CPU
		{C4E88C53-EA21-4B3D-BF71-ECCDB5D738BB}.Release|Any CPU.Build.0 = Release|Any CPU
	EndGlobalSection
	GlobalSection(SolutionProperties) = preSolution
		HideSolutionNode = FALSE
	EndGlobalSection
	GlobalSection(NestedProjects) = preSolution
		{462A0B4E-3391-4EDC-907E-953C6BADAC67} = {E1132618-3C95-4914-805A-0E060663B363}
		{0F3052B9-1175-4BBA-A403-D5269B0DF3D7} = {C5DA1FED-E7EE-4BFD-80C3-37677B4DC6DC}
		{2E3ADEA3-9655-48F5-BF39-C0ADAA41F6EB} = {89DEDDFD-279C-4AE4-A245-0553FD7FB13D}
		{FF8AEA3F-7067-4494-9780-EA5535CD42E5} = {4A17B52C-BB19-4B97-B185-D89ADABA7607}
		{C4E88C53-EA21-4B3D-BF71-ECCDB5D738BB} = {C5DA1FED-E7EE-4BFD-80C3-37677B4DC6DC}
	EndGlobalSection
	GlobalSection(ExtensibilityGlobals) = postSolution
		SolutionGuid = {0940F38B-98AF-4B68-85DA-DEDD96386318}
	EndGlobalSection
EndGlobal
